Microsoft Visual Studio Solution File, Format Version 12.00
# Visual Studio Version 17
VisualStudioVersion = 17.10.35013.160
MinimumVisualStudioVersion = 10.0.40219.1
Project("{9A19103F-16F7-4668-BE54-9A1E7A4F7556}") = "Xam.Forms.VideoPlayer", "Xam.Forms.VideoPlayer\Xam.Forms.VideoPlayer.csproj", "{7133710C-433B-4E29-989E-5A95DB59CF79}"
EndProject
Project("{9A19103F-16F7-4668-BE54-9A1E7A4F7556}") = "Xam.Forms.VideoPlayer.Android", "Xam.Forms.VideoPlayer.Android\Xam.Forms.VideoPlayer.Android.csproj", "{20076AA6-47DB-4CF3-A732-2148B76E1025}"
EndProject
Project("{9A19103F-16F7-4668-BE54-9A1E7A4F7556}") = "Xam.Forms.VideoPlayer.iOS", "Xam.Forms.VideoPlayer.iOS\Xam.Forms.VideoPlayer.iOS.csproj", "{E71F3053-056C-4381-9638-048ED73BDFF6}"
EndProject
Project("{9A19103F-16F7-4668-BE54-9A1E7A4F7556}") = "Xam.Forms.VideoPlayer.UWP", "Xam.Forms.VideoPlayer.UWP\Xam.Forms.VideoPlayer.UWP.csproj", "{B8C0F852-1501-4146-B424-5766014EF4D9}"
EndProject
Project("{2150E333-8FDC-42A3-9474-1A3956D46DE8}") = "Nuget", "Nuget", "{C648368A-FAD1-4A66-9CD8-6C0A0B18672C}"
	ProjectSection(SolutionItems) = preProject
		Nuget\Xam.Forms.VideoPlayer.1.0.8.nuspec = Nuget\Xam.Forms.VideoPlayer.1.0.8.nuspec
	EndProjectSection
EndProject
Project("{2150E333-8FDC-42A3-9474-1A3956D46DE8}") = "Solution Items", "Solution Items", "{4168CB72-8C15-4AB8-ADB3-9A476B49A319}"
	ProjectSection(SolutionItems) = preProject
		Readme.md = Readme.md
	EndProjectSection
EndProject
Project("{FAE04EC0-301F-11D3-BF4B-00C04F79EFBC}") = "Maui.VideoPlayer", "Maui.VideoPlayer\Maui.VideoPlayer.csproj", "{D408227C-84AD-44CA-98F3-A7F0EEC6632D}"
EndProject
Global
	GlobalSection(SolutionConfigurationPlatforms) = preSolution
		Ad-Hoc|Any CPU = Ad-Hoc|Any CPU
		Ad-Hoc|ARM = Ad-Hoc|ARM
		Ad-Hoc|ARM64 = Ad-Hoc|ARM64
		Ad-Hoc|iPhone = Ad-Hoc|iPhone
		Ad-Hoc|iPhoneSimulator = Ad-Hoc|iPhoneSimulator
		Ad-Hoc|x64 = Ad-Hoc|x64
		Ad-Hoc|x86 = Ad-Hoc|x86
		AppStore|Any CPU = AppStore|Any CPU
		AppStore|ARM = AppStore|ARM
		AppStore|ARM64 = AppStore|ARM64
		AppStore|iPhone = AppStore|iPhone
		AppStore|iPhoneSimulator = AppStore|iPhoneSimulator
		AppStore|x64 = AppStore|x64
		AppStore|x86 = AppStore|x86
		Debug|Any CPU = Debug|Any CPU
		Debug|ARM = Debug|ARM
		Debug|ARM64 = Debug|ARM64
		Debug|iPhone = Debug|iPhone
		Debug|iPhoneSimulator = Debug|iPhoneSimulator
		Debug|x64 = Debug|x64
		Debug|x86 = Debug|x86
		Release|Any CPU = Release|Any CPU
		Release|ARM = Release|ARM
		Release|ARM64 = Release|ARM64
		Release|iPhone = Release|iPhone
		Release|iPhoneSimulator = Release|iPhoneSimulator
		Release|x64 = Release|x64
		Release|x86 = Release|x86
	EndGlobalSection
	GlobalSection(ProjectConfigurationPlatforms) = postSolution
		{7133710C-433B-4E29-989E-5A95DB59CF79}.Ad-Hoc|Any CPU.ActiveCfg = Debug|Any CPU
		{7133710C-433B-4E29-989E-5A95DB59CF79}.Ad-Hoc|Any CPU.Build.0 = Debug|Any CPU
		{7133710C-433B-4E29-989E-5A95DB59CF79}.Ad-Hoc|ARM.ActiveCfg = Debug|Any CPU
		{7133710C-433B-4E29-989E-5A95DB59CF79}.Ad-Hoc|ARM.Build.0 = Debug|Any CPU
		{7133710C-433B-4E29-989E-5A95DB59CF79}.Ad-Hoc|ARM64.ActiveCfg = Debug|Any CPU
		{7133710C-433B-4E29-989E-5A95DB59CF79}.Ad-Hoc|ARM64.Build.0 = Debug|Any CPU
		{7133710C-433B-4E29-989E-5A95DB59CF79}.Ad-Hoc|iPhone.ActiveCfg = Debug|Any CPU
		{7133710C-433B-4E29-989E-5A95DB59CF79}.Ad-Hoc|iPhone.Build.0 = Debug|Any CPU
		{7133710C-433B-4E29-989E-5A95DB59CF79}.Ad-Hoc|iPhoneSimulator.ActiveCfg = Debug|Any CPU
		{7133710C-433B-4E29-989E-5A95DB59CF79}.Ad-Hoc|iPhoneSimulator.Build.0 = Debug|Any CPU
		{7133710C-433B-4E29-989E-5A95DB59CF79}.Ad-Hoc|x64.ActiveCfg = Debug|Any CPU
		{7133710C-433B-4E29-989E-5A95DB59CF79}.Ad-Hoc|x64.Build.0 = Debug|Any CPU
		{7133710C-433B-4E29-989E-5A95DB59CF79}.Ad-Hoc|x86.ActiveCfg = Debug|Any CPU
		{7133710C-433B-4E29-989E-5A95DB59CF79}.Ad-Hoc|x86.Build.0 = Debug|Any CPU
		{7133710C-433B-4E29-989E-5A95DB59CF79}.AppStore|Any CPU.ActiveCfg = Debug|Any CPU
		{7133710C-433B-4E29-989E-5A95DB59CF79}.AppStore|Any CPU.Build.0 = Debug|Any CPU
		{7133710C-433B-4E29-989E-5A95DB59CF79}.AppStore|ARM.ActiveCfg = Debug|Any CPU
		{7133710C-433B-4E29-989E-5A95DB59CF79}.AppStore|ARM.Build.0 = Debug|Any CPU
		{7133710C-433B-4E29-989E-5A95DB59CF79}.AppStore|ARM64.ActiveCfg = Debug|Any CPU
		{7133710C-433B-4E29-989E-5A95DB59CF79}.AppStore|ARM64.Build.0 = Debug|Any CPU
		{7133710C-433B-4E29-989E-5A95DB59CF79}.AppStore|iPhone.ActiveCfg = Debug|Any CPU
		{7133710C-433B-4E29-989E-5A95DB59CF79}.AppStore|iPhone.Build.0 = Debug|Any CPU
		{7133710C-433B-4E29-989E-5A95DB59CF79}.AppStore|iPhoneSimulator.ActiveCfg = Debug|Any CPU
		{7133710C-433B-4E29-989E-5A95DB59CF79}.AppStore|iPhoneSimulator.Build.0 = Debug|Any CPU
		{7133710C-433B-4E29-989E-5A95DB59CF79}.AppStore|x64.ActiveCfg = Debug|Any CPU
		{7133710C-433B-4E29-989E-5A95DB59CF79}.AppStore|x64.Build.0 = Debug|Any CPU
		{7133710C-433B-4E29-989E-5A95DB59CF79}.AppStore|x86.ActiveCfg = Debug|Any CPU
		{7133710C-433B-4E29-989E-5A95DB59CF79}.AppStore|x86.Build.0 = Debug|Any CPU
		{7133710C-433B-4E29-989E-5A95DB59CF79}.Debug|Any CPU.ActiveCfg = Debug|Any CPU
		{7133710C-433B-4E29-989E-5A95DB59CF79}.Debug|Any CPU.Build.0 = Debug|Any CPU
		{7133710C-433B-4E29-989E-5A95DB59CF79}.Debug|ARM.ActiveCfg = Debug|Any CPU
		{7133710C-433B-4E29-989E-5A95DB59CF79}.Debug|ARM.Build.0 = Debug|Any CPU
		{7133710C-433B-4E29-989E-5A95DB59CF79}.Debug|ARM64.ActiveCfg = Debug|Any CPU
		{7133710C-433B-4E29-989E-5A95DB59CF79}.Debug|ARM64.Build.0 = Debug|Any CPU
		{7133710C-433B-4E29-989E-5A95DB59CF79}.Debug|iPhone.ActiveCfg = Debug|Any CPU
		{7133710C-433B-4E29-989E-5A95DB59CF79}.Debug|iPhone.Build.0 = Debug|Any CPU
		{7133710C-433B-4E29-989E-5A95DB59CF79}.Debug|iPhoneSimulator.ActiveCfg = Debug|Any CPU
		{7133710C-433B-4E29-989E-5A95DB59CF79}.Debug|iPhoneSimulator.Build.0 = Debug|Any CPU
		{7133710C-433B-4E29-989E-5A95DB59CF79}.Debug|x64.ActiveCfg = Debug|Any CPU
		{7133710C-433B-4E29-989E-5A95DB59CF79}.Debug|x64.Build.0 = Debug|Any CPU
		{7133710C-433B-4E29-989E-5A95DB59CF79}.Debug|x86.ActiveCfg = Debug|Any CPU
		{7133710C-433B-4E29-989E-5A95DB59CF79}.Debug|x86.Build.0 = Debug|Any CPU
		{7133710C-433B-4E29-989E-5A95DB59CF79}.Release|Any CPU.ActiveCfg = Release|Any CPU
		{7133710C-433B-4E29-989E-5A95DB59CF79}.Release|Any CPU.Build.0 = Release|Any CPU
		{7133710C-433B-4E29-989E-5A95DB59CF79}.Release|ARM.ActiveCfg = Release|Any CPU
		{7133710C-433B-4E29-989E-5A95DB59CF79}.Release|ARM.Build.0 = Release|Any CPU
		{7133710C-433B-4E29-989E-5A95DB59CF79}.Release|ARM64.ActiveCfg = Release|Any CPU
		{7133710C-433B-4E29-989E-5A95DB59CF79}.Release|ARM64.Build.0 = Release|Any CPU
		{7133710C-433B-4E29-989E-5A95DB59CF79}.Release|iPhone.ActiveCfg = Release|Any CPU
		{7133710C-433B-4E29-989E-5A95DB59CF79}.Release|iPhone.Build.0 = Release|Any CPU
		{7133710C-433B-4E29-989E-5A95DB59CF79}.Release|iPhoneSimulator.ActiveCfg = Release|Any CPU
		{7133710C-433B-4E29-989E-5A95DB59CF79}.Release|iPhoneSimulator.Build.0 = Release|Any CPU
		{7133710C-433B-4E29-989E-5A95DB59CF79}.Release|x64.ActiveCfg = Release|Any CPU
		{7133710C-433B-4E29-989E-5A95DB59CF79}.Release|x64.Build.0 = Release|Any CPU
		{7133710C-433B-4E29-989E-5A95DB59CF79}.Release|x86.ActiveCfg = Release|Any CPU
		{7133710C-433B-4E29-989E-5A95DB59CF79}.Release|x86.Build.0 = Release|Any CPU
		{20076AA6-47DB-4CF3-A732-2148B76E1025}.Ad-Hoc|Any CPU.ActiveCfg = Release|Any CPU
		{20076AA6-47DB-4CF3-A732-2148B76E1025}.Ad-Hoc|Any CPU.Build.0 = Release|Any CPU
		{20076AA6-47DB-4CF3-A732-2148B76E1025}.Ad-Hoc|ARM.ActiveCfg = Release|Any CPU
		{20076AA6-47DB-4CF3-A732-2148B76E1025}.Ad-Hoc|ARM.Build.0 = Release|Any CPU
		{20076AA6-47DB-4CF3-A732-2148B76E1025}.Ad-Hoc|ARM64.ActiveCfg = Release|Any CPU
		{20076AA6-47DB-4CF3-A732-2148B76E1025}.Ad-Hoc|ARM64.Build.0 = Release|Any CPU
		{20076AA6-47DB-4CF3-A732-2148B76E1025}.Ad-Hoc|iPhone.ActiveCfg = Release|Any CPU
		{20076AA6-47DB-4CF3-A732-2148B76E1025}.Ad-Hoc|iPhone.Build.0 = Release|Any CPU
		{20076AA6-47DB-4CF3-A732-2148B76E1025}.Ad-Hoc|iPhoneSimulator.ActiveCfg = Release|Any CPU
		{20076AA6-47DB-4CF3-A732-2148B76E1025}.Ad-Hoc|iPhoneSimulator.Build.0 = Release|Any CPU
		{20076AA6-47DB-4CF3-A732-2148B76E1025}.Ad-Hoc|x64.ActiveCfg = Release|Any CPU
		{20076AA6-47DB-4CF3-A732-2148B76E1025}.Ad-Hoc|x64.Build.0 = Release|Any CPU
		{20076AA6-47DB-4CF3-A732-2148B76E1025}.Ad-Hoc|x86.ActiveCfg = Release|Any CPU
		{20076AA6-47DB-4CF3-A732-2148B76E1025}.Ad-Hoc|x86.Build.0 = Release|Any CPU
		{20076AA6-47DB-4CF3-A732-2148B76E1025}.AppStore|Any CPU.ActiveCfg = Release|Any CPU
		{20076AA6-47DB-4CF3-A732-2148B76E1025}.AppStore|Any CPU.Build.0 = Release|Any CPU
		{20076AA6-47DB-4CF3-A732-2148B76E1025}.AppStore|ARM.ActiveCfg = Release|Any CPU
		{20076AA6-47DB-4CF3-A732-2148B76E1025}.AppStore|ARM.Build.0 = Release|Any CPU
		{20076AA6-47DB-4CF3-A732-2148B76E1025}.AppStore|ARM64.ActiveCfg = Release|Any CPU
		{20076AA6-47DB-4CF3-A732-2148B76E1025}.AppStore|ARM64.Build.0 = Release|Any CPU
		{20076AA6-47DB-4CF3-A732-2148B76E1025}.AppStore|iPhone.ActiveCfg = Release|Any CPU
		{20076AA6-47DB-4CF3-A732-2148B76E1025}.AppStore|iPhone.Build.0 = Release|Any CPU
		{20076AA6-47DB-4CF3-A732-2148B76E1025}.AppStore|iPhoneSimulator.ActiveCfg = Release|Any CPU
		{20076AA6-47DB-4CF3-A732-2148B76E1025}.AppStore|iPhoneSimulator.Build.0 = Release|Any CPU
		{20076AA6-47DB-4CF3-A732-2148B76E1025}.AppStore|x64.ActiveCfg = Release|Any CPU
		{20076AA6-47DB-4CF3-A732-2148B76E1025}.AppStore|x64.Build.0 = Release|Any CPU
		{20076AA6-47DB-4CF3-A732-2148B76E1025}.AppStore|x86.ActiveCfg = Release|Any CPU
		{20076AA6-47DB-4CF3-A732-2148B76E1025}.AppStore|x86.Build.0 = Release|Any CPU
		{20076AA6-47DB-4CF3-A732-2148B76E1025}.Debug|Any CPU.ActiveCfg = Debug|Any CPU
		{20076AA6-47DB-4CF3-A732-2148B76E1025}.Debug|Any CPU.Build.0 = Debug|Any CPU
		{20076AA6-47DB-4CF3-A732-2148B76E1025}.Debug|ARM.ActiveCfg = Debug|Any CPU
		{20076AA6-47DB-4CF3-A732-2148B76E1025}.Debug|ARM.Build.0 = Debug|Any CPU
		{20076AA6-47DB-4CF3-A732-2148B76E1025}.Debug|ARM64.ActiveCfg = Debug|Any CPU
		{20076AA6-47DB-4CF3-A732-2148B76E1025}.Debug|ARM64.Build.0 = Debug|Any CPU
		{20076AA6-47DB-4CF3-A732-2148B76E1025}.Debug|iPhone.ActiveCfg = Debug|Any CPU
		{20076AA6-47DB-4CF3-A732-2148B76E1025}.Debug|iPhone.Build.0 = Debug|Any CPU
		{20076AA6-47DB-4CF3-A732-2148B76E1025}.Debug|iPhoneSimulator.ActiveCfg = Debug|Any CPU
		{20076AA6-47DB-4CF3-A732-2148B76E1025}.Debug|iPhoneSimulator.Build.0 = Debug|Any CPU
		{20076AA6-47DB-4CF3-A732-2148B76E1025}.Debug|x64.ActiveCfg = Debug|Any CPU
		{20076AA6-47DB-4CF3-A732-2148B76E1025}.Debug|x64.Build.0 = Debug|Any CPU
		{20076AA6-47DB-4CF3-A732-2148B76E1025}.Debug|x86.ActiveCfg = Debug|Any CPU
		{20076AA6-47DB-4CF3-A732-2148B76E1025}.Debug|x86.Build.0 = Debug|Any CPU
		{20076AA6-47DB-4CF3-A732-2148B76E1025}.Release|Any CPU.ActiveCfg = Release|Any CPU
		{20076AA6-47DB-4CF3-A732-2148B76E1025}.Release|Any CPU.Build.0 = Release|Any CPU
		{20076AA6-47DB-4CF3-A732-2148B76E1025}.Release|ARM.ActiveCfg = Release|Any CPU
		{20076AA6-47DB-4CF3-A732-2148B76E1025}.Release|ARM.Build.0 = Release|Any CPU
		{20076AA6-47DB-4CF3-A732-2148B76E1025}.Release|ARM64.ActiveCfg = Release|Any CPU
		{20076AA6-47DB-4CF3-A732-2148B76E1025}.Release|ARM64.Build.0 = Release|Any CPU
		{20076AA6-47DB-4CF3-A732-2148B76E1025}.Release|iPhone.ActiveCfg = Release|Any CPU
		{20076AA6-47DB-4CF3-A732-2148B76E1025}.Release|iPhone.Build.0 = Release|Any CPU
		{20076AA6-47DB-4CF3-A732-2148B76E1025}.Release|iPhoneSimulator.ActiveCfg = Release|Any CPU
		{20076AA6-47DB-4CF3-A732-2148B76E1025}.Release|iPhoneSimulator.Build.0 = Release|Any CPU
		{20076AA6-47DB-4CF3-A732-2148B76E1025}.Release|x64.ActiveCfg = Release|Any CPU
		{20076AA6-47DB-4CF3-A732-2148B76E1025}.Release|x64.Build.0 = Release|Any CPU
		{20076AA6-47DB-4CF3-A732-2148B76E1025}.Release|x86.ActiveCfg = Release|Any CPU
		{20076AA6-47DB-4CF3-A732-2148B76E1025}.Release|x86.Build.0 = Release|Any CPU
		{E71F3053-056C-4381-9638-048ED73BDFF6}.Ad-Hoc|Any CPU.ActiveCfg = Release|Any CPU
		{E71F3053-056C-4381-9638-048ED73BDFF6}.Ad-Hoc|Any CPU.Build.0 = Release|Any CPU
		{E71F3053-056C-4381-9638-048ED73BDFF6}.Ad-Hoc|ARM.ActiveCfg = Release|Any CPU
		{E71F3053-056C-4381-9638-048ED73BDFF6}.Ad-Hoc|ARM.Build.0 = Release|Any CPU
		{E71F3053-056C-4381-9638-048ED73BDFF6}.Ad-Hoc|ARM64.ActiveCfg = Release|Any CPU
		{E71F3053-056C-4381-9638-048ED73BDFF6}.Ad-Hoc|ARM64.Build.0 = Release|Any CPU
		{E71F3053-056C-4381-9638-048ED73BDFF6}.Ad-Hoc|iPhone.ActiveCfg = Release|Any CPU
		{E71F3053-056C-4381-9638-048ED73BDFF6}.Ad-Hoc|iPhone.Build.0 = Release|Any CPU
		{E71F3053-056C-4381-9638-048ED73BDFF6}.Ad-Hoc|iPhoneSimulator.ActiveCfg = Release|Any CPU
		{E71F3053-056C-4381-9638-048ED73BDFF6}.Ad-Hoc|iPhoneSimulator.Build.0 = Release|Any CPU
		{E71F3053-056C-4381-9638-048ED73BDFF6}.Ad-Hoc|x64.ActiveCfg = Release|Any CPU
		{E71F3053-056C-4381-9638-048ED73BDFF6}.Ad-Hoc|x64.Build.0 = Release|Any CPU
		{E71F3053-056C-4381-9638-048ED73BDFF6}.Ad-Hoc|x86.ActiveCfg = Release|Any CPU
		{E71F3053-056C-4381-9638-048ED73BDFF6}.Ad-Hoc|x86.Build.0 = Release|Any CPU
		{E71F3053-056C-4381-9638-048ED73BDFF6}.AppStore|Any CPU.ActiveCfg = Release|Any CPU
		{E71F3053-056C-4381-9638-048ED73BDFF6}.AppStore|Any CPU.Build.0 = Release|Any CPU
		{E71F3053-056C-4381-9638-048ED73BDFF6}.AppStore|ARM.ActiveCfg = Release|Any CPU
		{E71F3053-056C-4381-9638-048ED73BDFF6}.AppStore|ARM.Build.0 = Release|Any CPU
		{E71F3053-056C-4381-9638-048ED73BDFF6}.AppStore|ARM64.ActiveCfg = Release|Any CPU
		{E71F3053-056C-4381-9638-048ED73BDFF6}.AppStore|ARM64.Build.0 = Release|Any CPU
		{E71F3053-056C-4381-9638-048ED73BDFF6}.AppStore|iPhone.ActiveCfg = Release|Any CPU
		{E71F3053-056C-4381-9638-048ED73BDFF6}.AppStore|iPhone.Build.0 = Release|Any CPU
		{E71F3053-056C-4381-9638-048ED73BDFF6}.AppStore|iPhoneSimulator.ActiveCfg = Release|Any CPU
		{E71F3053-056C-4381-9638-048ED73BDFF6}.AppStore|iPhoneSimulator.Build.0 = Release|Any CPU
		{E71F3053-056C-4381-9638-048ED73BDFF6}.AppStore|x64.ActiveCfg = Release|Any CPU
		{E71F3053-056C-4381-9638-048ED73BDFF6}.AppStore|x64.Build.0 = Release|Any CPU
		{E71F3053-056C-4381-9638-048ED73BDFF6}.AppStore|x86.ActiveCfg = Release|Any CPU
		{E71F3053-056C-4381-9638-048ED73BDFF6}.AppStore|x86.Build.0 = Release|Any CPU
		{E71F3053-056C-4381-9638-048ED73BDFF6}.Debug|Any CPU.ActiveCfg = Debug|Any CPU
		{E71F3053-056C-4381-9638-048ED73BDFF6}.Debug|Any CPU.Build.0 = Debug|Any CPU
		{E71F3053-056C-4381-9638-048ED73BDFF6}.Debug|ARM.ActiveCfg = Debug|Any CPU
		{E71F3053-056C-4381-9638-048ED73BDFF6}.Debug|ARM.Build.0 = Debug|Any CPU
		{E71F3053-056C-4381-9638-048ED73BDFF6}.Debug|ARM64.ActiveCfg = Debug|Any CPU
		{E71F3053-056C-4381-9638-048ED73BDFF6}.Debug|ARM64.Build.0 = Debug|Any CPU
		{E71F3053-056C-4381-9638-048ED73BDFF6}.Debug|iPhone.ActiveCfg = Debug|Any CPU
		{E71F3053-056C-4381-9638-048ED73BDFF6}.Debug|iPhone.Build.0 = Debug|Any CPU
		{E71F3053-056C-4381-9638-048ED73BDFF6}.Debug|iPhoneSimulator.ActiveCfg = Debug|Any CPU
		{E71F3053-056C-4381-9638-048ED73BDFF6}.Debug|iPhoneSimulator.Build.0 = Debug|Any CPU
		{E71F3053-056C-4381-9638-048ED73BDFF6}.Debug|x64.ActiveCfg = Debug|Any CPU
		{E71F3053-056C-4381-9638-048ED73BDFF6}.Debug|x64.Build.0 = Debug|Any CPU
		{E71F3053-056C-4381-9638-048ED73BDFF6}.Debug|x86.ActiveCfg = Debug|Any CPU
		{E71F3053-056C-4381-9638-048ED73BDFF6}.Debug|x86.Build.0 = Debug|Any CPU
		{E71F3053-056C-4381-9638-048ED73BDFF6}.Release|Any CPU.ActiveCfg = Release|Any CPU
		{E71F3053-056C-4381-9638-048ED73BDFF6}.Release|Any CPU.Build.0 = Release|Any CPU
		{E71F3053-056C-4381-9638-048ED73BDFF6}.Release|ARM.ActiveCfg = Release|Any CPU
		{E71F3053-056C-4381-9638-048ED73BDFF6}.Release|ARM.Build.0 = Release|Any CPU
		{E71F3053-056C-4381-9638-048ED73BDFF6}.Release|ARM64.ActiveCfg = Release|Any CPU
		{E71F3053-056C-4381-9638-048ED73BDFF6}.Release|ARM64.Build.0 = Release|Any CPU
		{E71F3053-056C-4381-9638-048ED73BDFF6}.Release|iPhone.ActiveCfg = Release|Any CPU
		{E71F3053-056C-4381-9638-048ED73BDFF6}.Release|iPhone.Build.0 = Release|Any CPU
		{E71F3053-056C-4381-9638-048ED73BDFF6}.Release|iPhoneSimulator.ActiveCfg = Release|Any CPU
		{E71F3053-056C-4381-9638-048ED73BDFF6}.Release|iPhoneSimulator.Build.0 = Release|Any CPU
		{E71F3053-056C-4381-9638-048ED73BDFF6}.Release|x64.ActiveCfg = Release|Any CPU
		{E71F3053-056C-4381-9638-048ED73BDFF6}.Release|x64.Build.0 = Release|Any CPU
		{E71F3053-056C-4381-9638-048ED73BDFF6}.Release|x86.ActiveCfg = Release|Any CPU
		{E71F3053-056C-4381-9638-048ED73BDFF6}.Release|x86.Build.0 = Release|Any CPU
		{B8C0F852-1501-4146-B424-5766014EF4D9}.Ad-Hoc|Any CPU.ActiveCfg = Release|Any CPU
		{B8C0F852-1501-4146-B424-5766014EF4D9}.Ad-Hoc|Any CPU.Build.0 = Release|Any CPU
		{B8C0F852-1501-4146-B424-5766014EF4D9}.Ad-Hoc|ARM.ActiveCfg = Release|ARM
		{B8C0F852-1501-4146-B424-5766014EF4D9}.Ad-Hoc|ARM.Build.0 = Release|ARM
		{B8C0F852-1501-4146-B424-5766014EF4D9}.Ad-Hoc|ARM64.ActiveCfg = Release|ARM64
		{B8C0F852-1501-4146-B424-5766014EF4D9}.Ad-Hoc|ARM64.Build.0 = Release|ARM64
		{B8C0F852-1501-4146-B424-5766014EF4D9}.Ad-Hoc|iPhone.ActiveCfg = Release|Any CPU
		{B8C0F852-1501-4146-B424-5766014EF4D9}.Ad-Hoc|iPhone.Build.0 = Release|Any CPU
		{B8C0F852-1501-4146-B424-5766014EF4D9}.Ad-Hoc|iPhoneSimulator.ActiveCfg = Release|Any CPU
		{B8C0F852-1501-4146-B424-5766014EF4D9}.Ad-Hoc|iPhoneSimulator.Build.0 = Release|Any CPU
		{B8C0F852-1501-4146-B424-5766014EF4D9}.Ad-Hoc|x64.ActiveCfg = Release|x64
		{B8C0F852-1501-4146-B424-5766014EF4D9}.Ad-Hoc|x64.Build.0 = Release|x64
		{B8C0F852-1501-4146-B424-5766014EF4D9}.Ad-Hoc|x86.ActiveCfg = Release|x86
		{B8C0F852-1501-4146-B424-5766014EF4D9}.Ad-Hoc|x86.Build.0 = Release|x86
		{B8C0F852-1501-4146-B424-5766014EF4D9}.AppStore|Any CPU.ActiveCfg = Release|Any CPU
		{B8C0F852-1501-4146-B424-5766014EF4D9}.AppStore|Any CPU.Build.0 = Release|Any CPU
		{B8C0F852-1501-4146-B424-5766014EF4D9}.AppStore|ARM.ActiveCfg = Release|ARM
		{B8C0F852-1501-4146-B424-5766014EF4D9}.AppStore|ARM.Build.0 = Release|ARM
		{B8C0F852-1501-4146-B424-5766014EF4D9}.AppStore|ARM64.ActiveCfg = Release|ARM64
		{B8C0F852-1501-4146-B424-5766014EF4D9}.AppStore|ARM64.Build.0 = Release|ARM64
		{B8C0F852-1501-4146-B424-5766014EF4D9}.AppStore|iPhone.ActiveCfg = Release|Any CPU
		{B8C0F852-1501-4146-B424-5766014EF4D9}.AppStore|iPhone.Build.0 = Release|Any CPU
		{B8C0F852-1501-4146-B424-5766014EF4D9}.AppStore|iPhoneSimulator.ActiveCfg = Release|Any CPU
		{B8C0F852-1501-4146-B424-5766014EF4D9}.AppStore|iPhoneSimulator.Build.0 = Release|Any CPU
		{B8C0F852-1501-4146-B424-5766014EF4D9}.AppStore|x64.ActiveCfg = Release|x64
		{B8C0F852-1501-4146-B424-5766014EF4D9}.AppStore|x64.Build.0 = Release|x64
		{B8C0F852-1501-4146-B424-5766014EF4D9}.AppStore|x86.ActiveCfg = Release|x86
		{B8C0F852-1501-4146-B424-5766014EF4D9}.AppStore|x86.Build.0 = Release|x86
		{B8C0F852-1501-4146-B424-5766014EF4D9}.Debug|Any CPU.ActiveCfg = Debug|Any CPU
		{B8C0F852-1501-4146-B424-5766014EF4D9}.Debug|Any CPU.Build.0 = Debug|Any CPU
		{B8C0F852-1501-4146-B424-5766014EF4D9}.Debug|ARM.ActiveCfg = Debug|ARM
		{B8C0F852-1501-4146-B424-5766014EF4D9}.Debug|ARM.Build.0 = Debug|ARM
		{B8C0F852-1501-4146-B424-5766014EF4D9}.Debug|ARM64.ActiveCfg = Debug|ARM64
		{B8C0F852-1501-4146-B424-5766014EF4D9}.Debug|ARM64.Build.0 = Debug|ARM64
		{B8C0F852-1501-4146-B424-5766014EF4D9}.Debug|iPhone.ActiveCfg = Debug|Any CPU
		{B8C0F852-1501-4146-B424-5766014EF4D9}.Debug|iPhone.Build.0 = Debug|Any CPU
		{B8C0F852-1501-4146-B424-5766014EF4D9}.Debug|iPhoneSimulator.ActiveCfg = Debug|Any CPU
		{B8C0F852-1501-4146-B424-5766014EF4D9}.Debug|iPhoneSimulator.Build.0 = Debug|Any CPU
		{B8C0F852-1501-4146-B424-5766014EF4D9}.Debug|x64.ActiveCfg = Debug|x64
		{B8C0F852-1501-4146-B424-5766014EF4D9}.Debug|x64.Build.0 = Debug|x64
		{B8C0F852-1501-4146-B424-5766014EF4D9}.Debug|x86.ActiveCfg = Debug|x86
		{B8C0F852-1501-4146-B424-5766014EF4D9}.Debug|x86.Build.0 = Debug|x86
		{B8C0F852-1501-4146-B424-5766014EF4D9}.Release|Any CPU.ActiveCfg = Release|Any CPU
		{B8C0F852-1501-4146-B424-5766014EF4D9}.Release|Any CPU.Build.0 = Release|Any CPU
		{B8C0F852-1501-4146-B424-5766014EF4D9}.Release|ARM.ActiveCfg = Release|ARM
		{B8C0F852-1501-4146-B424-5766014EF4D9}.Release|ARM.Build.0 = Release|ARM
		{B8C0F852-1501-4146-B424-5766014EF4D9}.Release|ARM64.ActiveCfg = Release|ARM64
		{B8C0F852-1501-4146-B424-5766014EF4D9}.Release|ARM64.Build.0 = Release|ARM64
		{B8C0F852-1501-4146-B424-5766014EF4D9}.Release|iPhone.ActiveCfg = Release|Any CPU
		{B8C0F852-1501-4146-B424-5766014EF4D9}.Release|iPhone.Build.0 = Release|Any CPU
		{B8C0F852-1501-4146-B424-5766014EF4D9}.Release|iPhoneSimulator.ActiveCfg = Release|Any CPU
		{B8C0F852-1501-4146-B424-5766014EF4D9}.Release|iPhoneSimulator.Build.0 = Release|Any CPU
		{B8C0F852-1501-4146-B424-5766014EF4D9}.Release|x64.ActiveCfg = Release|x64
		{B8C0F852-1501-4146-B424-5766014EF4D9}.Release|x64.Build.0 = Release|x64
		{B8C0F852-1501-4146-B424-5766014EF4D9}.Release|x86.ActiveCfg = Release|x86
		{B8C0F852-1501-4146-B424-5766014EF4D9}.Release|x86.Build.0 = Release|x86
		{D408227C-84AD-44CA-98F3-A7F0EEC6632D}.Ad-Hoc|Any CPU.ActiveCfg = Debug|Any CPU
		{D408227C-84AD-44CA-98F3-A7F0EEC6632D}.Ad-Hoc|Any CPU.Build.0 = Debug|Any CPU
		{D408227C-84AD-44CA-98F3-A7F0EEC6632D}.Ad-Hoc|ARM.ActiveCfg = Debug|Any CPU
		{D408227C-84AD-44CA-98F3-A7F0EEC6632D}.Ad-Hoc|ARM.Build.0 = Debug|Any CPU
		{D408227C-84AD-44CA-98F3-A7F0EEC6632D}.Ad-Hoc|ARM64.ActiveCfg = Debug|Any CPU
		{D408227C-84AD-44CA-98F3-A7F0EEC6632D}.Ad-Hoc|ARM64.Build.0 = Debug|Any CPU
		{D408227C-84AD-44CA-98F3-A7F0EEC6632D}.Ad-Hoc|iPhone.ActiveCfg = Debug|Any CPU
		{D408227C-84AD-44CA-98F3-A7F0EEC6632D}.Ad-Hoc|iPhone.Build.0 = Debug|Any CPU
		{D408227C-84AD-44CA-98F3-A7F0EEC6632D}.Ad-Hoc|iPhoneSimulator.ActiveCfg = Debug|Any CPU
		{D408227C-84AD-44CA-98F3-A7F0EEC6632D}.Ad-Hoc|iPhoneSimulator.Build.0 = Debug|Any CPU
		{D408227C-84AD-44CA-98F3-A7F0EEC6632D}.Ad-Hoc|x64.ActiveCfg = Debug|Any CPU
		{D408227C-84AD-44CA-98F3-A7F0EEC6632D}.Ad-Hoc|x64.Build.0 = Debug|Any CPU
		{D408227C-84AD-44CA-98F3-A7F0EEC6632D}.Ad-Hoc|x86.ActiveCfg = Debug|Any CPU
		{D408227C-84AD-44CA-98F3-A7F0EEC6632D}.Ad-Hoc|x86.Build.0 = Debug|Any CPU
		{D408227C-84AD-44CA-98F3-A7F0EEC6632D}.AppStore|Any CPU.ActiveCfg = Debug|Any CPU
		{D408227C-84AD-44CA-98F3-A7F0EEC6632D}.AppStore|Any CPU.Build.0 = Debug|Any CPU
		{D408227C-84AD-44CA-98F3-A7F0EEC6632D}.AppStore|ARM.ActiveCfg = Debug|Any CPU
		{D408227C-84AD-44CA-98F3-A7F0EEC6632D}.AppStore|ARM.Build.0 = Debug|Any CPU
		{D408227C-84AD-44CA-98F3-A7F0EEC6632D}.AppStore|ARM64.ActiveCfg = Debug|Any CPU
		{D408227C-84AD-44CA-98F3-A7F0EEC6632D}.AppStore|ARM64.Build.0 = Debug|Any CPU
		{D408227C-84AD-44CA-98F3-A7F0EEC6632D}.AppStore|iPhone.ActiveCfg = Debug|Any CPU
		{D408227C-84AD-44CA-98F3-A7F0EEC6632D}.AppStore|iPhone.Build.0 = Debug|Any CPU
		{D408227C-84AD-44CA-98F3-A7F0EEC6632D}.AppStore|iPhoneSimulator.ActiveCfg = Debug|Any CPU
		{D408227C-84AD-44CA-98F3-A7F0EEC6632D}.AppStore|iPhoneSimulator.Build.0 = Debug|Any CPU
		{D408227C-84AD-44CA-98F3-A7F0EEC6632D}.AppStore|x64.ActiveCfg = Debug|Any CPU
		{D408227C-84AD-44CA-98F3-A7F0EEC6632D}.AppStore|x64.Build.0 = Debug|Any CPU
		{D408227C-84AD-44CA-98F3-A7F0EEC6632D}.AppStore|x86.ActiveCfg = Debug|Any CPU
		{D408227C-84AD-44CA-98F3-A7F0EEC6632D}.AppStore|x86.Build.0 = Debug|Any CPU
		{D408227C-84AD-44CA-98F3-A7F0EEC6632D}.Debug|Any CPU.ActiveCfg = Debug|Any CPU
		{D408227C-84AD-44CA-98F3-A7F0EEC6632D}.Debug|Any CPU.Build.0 = Debug|Any CPU
		{D408227C-84AD-44CA-98F3-A7F0EEC6632D}.Debug|ARM.ActiveCfg = Debug|Any CPU
		{D408227C-84AD-44CA-98F3-A7F0EEC6632D}.Debug|ARM.Build.0 = Debug|Any CPU
		{D408227C-84AD-44CA-98F3-A7F0EEC6632D}.Debug|ARM64.ActiveCfg = Debug|Any CPU
		{D408227C-84AD-44CA-98F3-A7F0EEC6632D}.Debug|ARM64.Build.0 = Debug|Any CPU
		{D408227C-84AD-44CA-98F3-A7F0EEC6632D}.Debug|iPhone.ActiveCfg = Debug|Any CPU
		{D408227C-84AD-44CA-98F3-A7F0EEC6632D}.Debug|iPhone.Build.0 = Debug|Any CPU
		{D408227C-84AD-44CA-98F3-A7F0EEC6632D}.Debug|iPhoneSimulator.ActiveCfg = Debug|Any CPU
		{D408227C-84AD-44CA-98F3-A7F0EEC6632D}.Debug|iPhoneSimulator.Build.0 = Debug|Any CPU
		{D408227C-84AD-44CA-98F3-A7F0EEC6632D}.Debug|x64.ActiveCfg = Debug|Any CPU
		{D408227C-84AD-44CA-98F3-A7F0EEC6632D}.Debug|x64.Build.0 = Debug|Any CPU
		{D408227C-84AD-44CA-98F3-A7F0EEC6632D}.Debug|x86.ActiveCfg = Debug|Any CPU
		{D408227C-84AD-44CA-98F3-A7F0EEC6632D}.Debug|x86.Build.0 = Debug|Any CPU
		{D408227C-84AD-44CA-98F3-A7F0EEC6632D}.Release|Any CPU.ActiveCfg = Release|Any CPU
		{D408227C-84AD-44CA-98F3-A7F0EEC6632D}.Release|Any CPU.Build.0 = Release|Any CPU
		{D408227C-84AD-44CA-98F3-A7F0EEC6632D}.Release|ARM.ActiveCfg = Release|Any CPU
		{D408227C-84AD-44CA-98F3-A7F0EEC6632D}.Release|ARM.Build.0 = Release|Any CPU
		{D408227C-84AD-44CA-98F3-A7F0EEC6632D}.Release|ARM64.ActiveCfg = Release|Any CPU
		{D408227C-84AD-44CA-98F3-A7F0EEC6632D}.Release|ARM64.Build.0 = Release|Any CPU
		{D408227C-84AD-44CA-98F3-A7F0EEC6632D}.Release|iPhone.ActiveCfg = Release|Any CPU
		{D408227C-84AD-44CA-98F3-A7F0EEC6632D}.Release|iPhone.Build.0 = Release|Any CPU
		{D408227C-84AD-44CA-98F3-A7F0EEC6632D}.Release|iPhoneSimulator.ActiveCfg = Release|Any CPU
		{D408227C-84AD-44CA-98F3-A7F0EEC6632D}.Release|iPhoneSimulator.Build.0 = Release|Any CPU
		{D408227C-84AD-44CA-98F3-A7F0EEC6632D}.Release|x64.ActiveCfg = Release|Any CPU
		{D408227C-84AD-44CA-98F3-A7F0EEC6632D}.Release|x64.Build.0 = Release|Any CPU
		{D408227C-84AD-44CA-98F3-A7F0EEC6632D}.Release|x86.ActiveCfg = Release|Any CPU
		{D408227C-84AD-44CA-98F3-A7F0EEC6632D}.Release|x86.Build.0 = Release|Any CPU
	EndGlobalSection
	GlobalSection(SolutionProperties) = preSolution
		HideSolutionNode = FALSE
	EndGlobalSection
	GlobalSection(ExtensibilityGlobals) = postSolution
		SolutionGuid = {632E549E-E4F5-4D1F-BF15-A77D8CD89369}
	EndGlobalSection
EndGlobal
